{
  "name": "ConcreteBender",
  "lockfileVersion": 2,
  "requires": true,
  "packages": {
    "": {
      "dependencies": {
        "bootstrap-input-spinner": "^3.1.8"
      }
    },
    "node_modules/bootstrap-input-spinner": {
      "version": "3.1.8",
      "resolved": "https://registry.npmjs.org/bootstrap-input-spinner/-/bootstrap-input-spinner-3.1.8.tgz",
      "integrity": "sha512-QG1l8G4NbGQoNWhpHVaaHpLclk14/UG1+GIGHnfuCZnae/UpiXkRhm0oeDyemvxXwaUGbPacybZDCg9ThQ2s9w=="
    }
  },
  "dependencies": {
    "bootstrap-input-spinner": {
      "version": "3.1.8",
      "resolved": "https://registry.npmjs.org/bootstrap-input-spinner/-/bootstrap-input-spinner-3.1.8.tgz",
      "integrity": "sha512-QG1l8G4NbGQoNWhpHVaaHpLclk14/UG1+GIGHnfuCZnae/UpiXkRhm0oeDyemvxXwaUGbPacybZDCg9ThQ2s9w=="
    }
  }
}
